
Microsoft Visual Studio Solution File, Format Version 12.00
# Visual Studio Version 17
VisualStudioVersion = 17.8.34330.188
MinimumVisualStudioVersion = 10.0.40219.1
Project("{9A19103F-16F7-4668-BE54-9A1E7A4F7556}") = "WardrobeApp", "WardrobeApp\WardrobeApp.csproj", "{416A1B90-B654-453D-A59B-137E3388D022}"
EndProject
Global
	GlobalSection(SolutionConfigurationPlatforms) = preSolution
		Debug|Any CPU = Debug|Any CPU
		Release|Any CPU = Release|Any CPU
	EndGlobalSection
	GlobalSection(ProjectConfigurationPlatforms) = postSolution
		{416A1B90-B654-453D-A59B-137E3388D022}.Debug|Any CPU.ActiveCfg = Debug|Any CPU
		{416A1B90-B654-453D-A59B-137E3388D022}.Debug|Any CPU.Build.0 = Debug|Any CPU
		{416A1B90-B654-453D-A59B-137E3388D022}.Release|Any CPU.ActiveCfg = Release|Any CPU
		{416A1B90-B654-453D-A59B-137E3388D022}.Release|Any CPU.Build.0 = Release|Any CPU
	EndGlobalSection
	GlobalSection(SolutionProperties) = preSolution
		HideSolutionNode = FALSE
	EndGlobalSection
	GlobalSection(ExtensibilityGlobals) = postSolution
		SolutionGuid = {ECE12545-915F-4DDE-9A2D-0BC3AEB12AD8}
	EndGlobalSection
EndGlobal
